
Microsoft Visual Studio Solution File, Format Version 12.00
# Visual Studio 15
VisualStudioVersion = 15.0.27004.2009
MinimumVisualStudioVersion = 10.0.40219.1
Project("{FAE04EC0-301F-11D3-BF4B-00C04F79EFBC}") = "CRMAPI", "CRMAPI\CRMAPI.csproj", "{1F1795C9-3658-4A9E-B12C-BE6329674D71}"
EndProject
Project("{FAE04EC0-301F-11D3-BF4B-00C04F79EFBC}") = "CRMAPI.Tests", "CRMAPI.Tests\CRMAPI.Tests.csproj", "{A9FDA211-344D-4FC3-9011-F49C337F1BDB}"
EndProject
Project("{FAE04EC0-301F-11D3-BF4B-00C04F79EFBC}") = "CRMAPI.Core", "CRMAPI.Core\CRMAPI.Core.csproj", "{A44759BD-0923-43A7-AA34-E41FACBB9388}"
EndProject
Global
	GlobalSection(SolutionConfigurationPlatforms) = preSolution
		Debug|Any CPU = Debug|Any CPU
		Release|Any CPU = Release|Any CPU
	EndGlobalSection
	GlobalSection(ProjectConfigurationPlatforms) = postSolution
		{1F1795C9-3658-4A9E-B12C-BE6329674D71}.Debug|Any CPU.ActiveCfg = Debug|Any CPU
		{1F1795C9-3658-4A9E-B12C-BE6329674D71}.Debug|Any CPU.Build.0 = Debug|Any CPU
		{1F1795C9-3658-4A9E-B12C-BE6329674D71}.Release|Any CPU.ActiveCfg = Release|Any CPU
		{1F1795C9-3658-4A9E-B12C-BE6329674D71}.Release|Any CPU.Build.0 = Release|Any CPU
		{A9FDA211-344D-4FC3-9011-F49C337F1BDB}.Debug|Any CPU.ActiveCfg = Debug|Any CPU
		{A9FDA211-344D-4FC3-9011-F49C337F1BDB}.Debug|Any CPU.Build.0 = Debug|Any CPU
		{A9FDA211-344D-4FC3-9011-F49C337F1BDB}.Release|Any CPU.ActiveCfg = Release|Any CPU
		{A9FDA211-344D-4FC3-9011-F49C337F1BDB}.Release|Any CPU.Build.0 = Release|Any CPU
		{A44759BD-0923-43A7-AA34-E41FACBB9388}.Debug|Any CPU.ActiveCfg = Debug|Any CPU
		{A44759BD-0923-43A7-AA34-E41FACBB9388}.Debug|Any CPU.Build.0 = Debug|Any CPU
		{A44759BD-0923-43A7-AA34-E41FACBB9388}.Release|Any CPU.ActiveCfg = Release|Any CPU
		{A44759BD-0923-43A7-AA34-E41FACBB9388}.Release|Any CPU.Build.0 = Release|Any CPU
	EndGlobalSection
	GlobalSection(SolutionProperties) = preSolution
		HideSolutionNode = FALSE
	EndGlobalSection
	GlobalSection(ExtensibilityGlobals) = postSolution
		SolutionGuid = {EE8C1EC3-4B77-42AF-B890-F07D62DBEF0D}
	EndGlobalSection
EndGlobal
